lockfileVersion: '9.0'

settings:
  autoInstallPeers: true
  excludeLinksFromLockfile: false

importers:

  .:
    dependencies:
      stripe:
        specifier: 20.3.0
        version: 20.3.0

packages:

  stripe@20.3.0:
    resolution: {integrity: sha512-DYzcmV1MfYhycr1GwjCjeQVYk9Gu8dpxyTlu7qeDCsuguug7oUTxPsUQuZeSf/OPzK7pofqobvOKVqAwlpgf/Q==}
    engines: {node: '>=16'}
    peerDependencies:
      '@types/node': '>=16'
    peerDependenciesMeta:
      '@types/node':
        optional: true

snapshots:

  stripe@20.3.0: {}
